
Microsoft Visual Studio Solution File, Format Version 12.00
# Visual Studio Version 17
VisualStudioVersion = 17.1.32228.430
MinimumVisualStudioVersion = 10.0.40219.1
Project("{9A19103F-16F7-4668-BE54-9A1E7A4F7556}") = "FrontendWebApp", "FrontendWebApp\FrontendWebApp.csproj", "{B04536A5-7607-4C08-9FAD-762E1432F2B7}"
EndProject
Project("{9A19103F-16F7-4668-BE54-9A1E7A4F7556}") = "GrpcContracts", "GrpcContracts\GrpcContracts.csproj", "{52D7D5E5-1F48-499C-8151-9974468F4F3A}"
EndProject
Project("{9A19103F-16F7-4668-BE54-9A1E7A4F7556}") = "BackendService", "BackendService\BackendService.csproj", "{0ACABCB0-8BE5-4AD6-8342-562953AD5259}"
EndProject
Project("{9A19103F-16F7-4668-BE54-9A1E7A4F7556}") = "PulumiInfra", "Infra\PulumiInfra\PulumiInfra.csproj", "{092EF016-6173-489E-813A-53E61A9ABF79}"
EndProject
Project("{2150E333-8FDC-42A3-9474-1A3956D46DE8}") = "Solution Items", "Solution Items", "{913A275A-D5B2-4AFA-AE8E-672F7C826434}"
	ProjectSection(SolutionItems) = preProject
		.dockerignore = .dockerignore
		.gitignore = .gitignore
		Pulumi.dev.yaml = Pulumi.dev.yaml
		Pulumi.yaml = Pulumi.yaml
		README.md = README.md
	EndProjectSection
EndProject
Project("{2150E333-8FDC-42A3-9474-1A3956D46DE8}") = "Infra", "Infra", "{B0C92107-D38F-4F89-ADCF-B9A4C9A6A1D5}"
EndProject
Project("{9A19103F-16F7-4668-BE54-9A1E7A4F7556}") = "InfraLib", "Infra\InfraLib\InfraLib.csproj", "{9881802B-13C6-4663-844E-13AD1387070D}"
EndProject
Project("{9A19103F-16F7-4668-BE54-9A1E7A4F7556}") = "GenerateAppsettings", "Infra\GenerateAppsettings\GenerateAppsettings.csproj", "{8602C975-7E49-4285-9FF7-824F7B2E2305}"
EndProject
Project("{9A19103F-16F7-4668-BE54-9A1E7A4F7556}") = "ConnectLocalServicesToRemoteServices", "Infra\ConnectLocalServicesToRemoteServices\ConnectLocalServicesToRemoteServices.csproj", "{7E889E38-10E2-4B25-8A8A-356D5313F839}"
EndProject
Global
	GlobalSection(SolutionConfigurationPlatforms) = preSolution
		Debug|Any CPU = Debug|Any CPU
		Release|Any CPU = Release|Any CPU
	EndGlobalSection
	GlobalSection(ProjectConfigurationPlatforms) = postSolution
		{B04536A5-7607-4C08-9FAD-762E1432F2B7}.Debug|Any CPU.ActiveCfg = Debug|Any CPU
		{B04536A5-7607-4C08-9FAD-762E1432F2B7}.Debug|Any CPU.Build.0 = Debug|Any CPU
		{B04536A5-7607-4C08-9FAD-762E1432F2B7}.Release|Any CPU.ActiveCfg = Release|Any CPU
		{B04536A5-7607-4C08-9FAD-762E1432F2B7}.Release|Any CPU.Build.0 = Release|Any CPU
		{52D7D5E5-1F48-499C-8151-9974468F4F3A}.Debug|Any CPU.ActiveCfg = Debug|Any CPU
		{52D7D5E5-1F48-499C-8151-9974468F4F3A}.Debug|Any CPU.Build.0 = Debug|Any CPU
		{52D7D5E5-1F48-499C-8151-9974468F4F3A}.Release|Any CPU.ActiveCfg = Release|Any CPU
		{52D7D5E5-1F48-499C-8151-9974468F4F3A}.Release|Any CPU.Build.0 = Release|Any CPU
		{0ACABCB0-8BE5-4AD6-8342-562953AD5259}.Debug|Any CPU.ActiveCfg = Debug|Any CPU
		{0ACABCB0-8BE5-4AD6-8342-562953AD5259}.Debug|Any CPU.Build.0 = Debug|Any CPU
		{0ACABCB0-8BE5-4AD6-8342-562953AD5259}.Release|Any CPU.ActiveCfg = Release|Any CPU
		{0ACABCB0-8BE5-4AD6-8342-562953AD5259}.Release|Any CPU.Build.0 = Release|Any CPU
		{092EF016-6173-489E-813A-53E61A9ABF79}.Debug|Any CPU.ActiveCfg = Debug|Any CPU
		{092EF016-6173-489E-813A-53E61A9ABF79}.Debug|Any CPU.Build.0 = Debug|Any CPU
		{092EF016-6173-489E-813A-53E61A9ABF79}.Release|Any CPU.ActiveCfg = Release|Any CPU
		{092EF016-6173-489E-813A-53E61A9ABF79}.Release|Any CPU.Build.0 = Release|Any CPU
		{9881802B-13C6-4663-844E-13AD1387070D}.Debug|Any CPU.ActiveCfg = Debug|Any CPU
		{9881802B-13C6-4663-844E-13AD1387070D}.Debug|Any CPU.Build.0 = Debug|Any CPU
		{9881802B-13C6-4663-844E-13AD1387070D}.Release|Any CPU.ActiveCfg = Release|Any CPU
		{9881802B-13C6-4663-844E-13AD1387070D}.Release|Any CPU.Build.0 = Release|Any CPU
		{8602C975-7E49-4285-9FF7-824F7B2E2305}.Debug|Any CPU.ActiveCfg = Debug|Any CPU
		{8602C975-7E49-4285-9FF7-824F7B2E2305}.Debug|Any CPU.Build.0 = Debug|Any CPU
		{8602C975-7E49-4285-9FF7-824F7B2E2305}.Release|Any CPU.ActiveCfg = Release|Any CPU
		{8602C975-7E49-4285-9FF7-824F7B2E2305}.Release|Any CPU.Build.0 = Release|Any CPU
		{7E889E38-10E2-4B25-8A8A-356D5313F839}.Debug|Any CPU.ActiveCfg = Debug|Any CPU
		{7E889E38-10E2-4B25-8A8A-356D5313F839}.Debug|Any CPU.Build.0 = Debug|Any CPU
		{7E889E38-10E2-4B25-8A8A-356D5313F839}.Release|Any CPU.ActiveCfg = Release|Any CPU
		{7E889E38-10E2-4B25-8A8A-356D5313F839}.Release|Any CPU.Build.0 = Release|Any CPU
	EndGlobalSection
	GlobalSection(SolutionProperties) = preSolution
		HideSolutionNode = FALSE
	EndGlobalSection
	GlobalSection(NestedProjects) = preSolution
		{092EF016-6173-489E-813A-53E61A9ABF79} = {B0C92107-D38F-4F89-ADCF-B9A4C9A6A1D5}
		{9881802B-13C6-4663-844E-13AD1387070D} = {B0C92107-D38F-4F89-ADCF-B9A4C9A6A1D5}
		{8602C975-7E49-4285-9FF7-824F7B2E2305} = {B0C92107-D38F-4F89-ADCF-B9A4C9A6A1D5}
		{7E889E38-10E2-4B25-8A8A-356D5313F839} = {B0C92107-D38F-4F89-ADCF-B9A4C9A6A1D5}
	EndGlobalSection
	GlobalSection(ExtensibilityGlobals) = postSolution
		SolutionGuid = {591BB1BA-81E7-4F97-A39F-CB4157B88889}
	EndGlobalSection
EndGlobal
